
Microsoft Visual Studio Solution File, Format Version 12.00
# Visual Studio 14
VisualStudioVersion = 14.0.25420.1
MinimumVisualStudioVersion = 10.0.40219.1
Project("{8BB2217D-0F2D-49D1-97BC-3654ED321F3B}") = "kafka-sharp", "kafka-sharp\Kafka.xproj", "{EFDD2224-578E-4EB4-9BC1-AC3E53794E32}"
EndProject
Project("{8BB2217D-0F2D-49D1-97BC-3654ED321F3B}") = "kafka-sharp.ITest", "kafka-sharp.ITest\Kafka.ITest.xproj", "{FCD0A1D1-D16D-40B1-A63B-24F630CEFAFE}"
EndProject
Project("{8BB2217D-0F2D-49D1-97BC-3654ED321F3B}") = "kafka-sharp.UTest", "kafka-sharp.UTest\Kafka.UTest.xproj", "{6D69BB5C-3261-4E81-A1D9-1AF095F6FB23}"
EndProject
Project("{8BB2217D-0F2D-49D1-97BC-3654ED321F3B}") = "sample-kafka-sharp", "sample-kafka-sharp\sample-kafka-sharp.xproj", "{CBAEB972-6616-485B-9671-726FC9F4910C}"
EndProject
Global
	GlobalSection(SolutionConfigurationPlatforms) = preSolution
		Debug|Any CPU = Debug|Any CPU
		Release|Any CPU = Release|Any CPU
	EndGlobalSection
	GlobalSection(ProjectConfigurationPlatforms) = postSolution
		{EFDD2224-578E-4EB4-9BC1-AC3E53794E32}.Debug|Any CPU.ActiveCfg = Debug|Any CPU
		{EFDD2224-578E-4EB4-9BC1-AC3E53794E32}.Debug|Any CPU.Build.0 = Debug|Any CPU
		{EFDD2224-578E-4EB4-9BC1-AC3E53794E32}.Release|Any CPU.ActiveCfg = Release|Any CPU
		{EFDD2224-578E-4EB4-9BC1-AC3E53794E32}.Release|Any CPU.Build.0 = Release|Any CPU
		{FCD0A1D1-D16D-40B1-A63B-24F630CEFAFE}.Debug|Any CPU.ActiveCfg = Debug|Any CPU
		{FCD0A1D1-D16D-40B1-A63B-24F630CEFAFE}.Release|Any CPU.ActiveCfg = Release|Any CPU
		{6D69BB5C-3261-4E81-A1D9-1AF095F6FB23}.Debug|Any CPU.ActiveCfg = Debug|Any CPU
		{6D69BB5C-3261-4E81-A1D9-1AF095F6FB23}.Debug|Any CPU.Build.0 = Debug|Any CPU
		{6D69BB5C-3261-4E81-A1D9-1AF095F6FB23}.Release|Any CPU.ActiveCfg = Release|Any CPU
		{6D69BB5C-3261-4E81-A1D9-1AF095F6FB23}.Release|Any CPU.Build.0 = Release|Any CPU
		{CBAEB972-6616-485B-9671-726FC9F4910C}.Debug|Any CPU.ActiveCfg = Debug|Any CPU
		{CBAEB972-6616-485B-9671-726FC9F4910C}.Debug|Any CPU.Build.0 = Debug|Any CPU
		{CBAEB972-6616-485B-9671-726FC9F4910C}.Release|Any CPU.ActiveCfg = Release|Any CPU
		{CBAEB972-6616-485B-9671-726FC9F4910C}.Release|Any CPU.Build.0 = Release|Any CPU
	EndGlobalSection
	GlobalSection(SolutionProperties) = preSolution
		HideSolutionNode = FALSE
	EndGlobalSection
EndGlobal
